Microsoft Visual Studio Solution File, Format Version 12.00
# Visual Studio Version 17
VisualStudioVersion = 17.5.2.0
MinimumVisualStudioVersion = 10.0.40219.1
Project("{FAE04EC0-301F-11D3-BF4B-00C04F79EFBC}") = "SistemaAlunos", "SistemaAlunos.csproj", "{C25C75AF-ECF8-C48A-E34F-E2D2DFA1E69C}"
EndProject
Global
	GlobalSection(SolutionConfigurationPlatforms) = preSolution
		Debug|Any CPU = Debug|Any CPU
		Release|Any CPU = Release|Any CPU
	EndGlobalSection
	GlobalSection(ProjectConfigurationPlatforms) = postSolution
		{C25C75AF-ECF8-C48A-E34F-E2D2DFA1E69C}.Debug|Any CPU.ActiveCfg = Debug|Any CPU
		{C25C75AF-ECF8-C48A-E34F-E2D2DFA1E69C}.Debug|Any CPU.Build.0 = Debug|Any CPU
		{C25C75AF-ECF8-C48A-E34F-E2D2DFA1E69C}.Release|Any CPU.ActiveCfg = Release|Any CPU
		{C25C75AF-ECF8-C48A-E34F-E2D2DFA1E69C}.Release|Any CPU.Build.0 = Release|Any CPU
	EndGlobalSection
	GlobalSection(SolutionProperties) = preSolution
		HideSolutionNode = FALSE
	EndGlobalSection
	GlobalSection(ExtensibilityGlobals) = postSolution
		SolutionGuid = {4B04249A-E42F-466C-89FE-BF07BABAAA9B}
	EndGlobalSection
EndGlobal
